
Microsoft Visual Studio Solution File, Format Version 12.00
# Visual Studio 15
VisualStudioVersion = 15.0.28010.2046
MinimumVisualStudioVersion = 10.0.40219.1
Project("{FAE04EC0-301F-11D3-BF4B-00C04F79EFBC}") = "BasicExecises", "BasicExecises\BasicExecises.csproj", "{09BD2D6F-C414-452F-9D39-1ED97D8854C2}"
EndProject
Project("{FAE04EC0-301F-11D3-BF4B-00C04F79EFBC}") = "Exercise2", "Exercise2\Exercise2.csproj", "{7CB73B37-7DE8-416B-BE65-AAEAB1E767A9}"
EndProject
Project("{FAE04EC0-301F-11D3-BF4B-00C04F79EFBC}") = "Exercise3", "Exercise3\Exercise3.csproj", "{48B6E7F7-CC50-4170-813B-F260E5CD953F}"
EndProject
Project("{FAE04EC0-301F-11D3-BF4B-00C04F79EFBC}") = "Exercise4", "Exercise4\Exercise4.csproj", "{C6688D45-86E9-40F1-8425-59EBA018206D}"
EndProject
Project("{FAE04EC0-301F-11D3-BF4B-00C04F79EFBC}") = "Exercise5", "Exercise5\Exercise5.csproj", "{9910ED82-B2D7-406A-A2A2-58661E4C5EEE}"
EndProject
Project("{FAE04EC0-301F-11D3-BF4B-00C04F79EFBC}") = "Exercise6", "Exercise6\Exercise6.csproj", "{A3F6E216-6EF9-4D16-8700-4126C1E2F4CF}"
EndProject
Project("{FAE04EC0-301F-11D3-BF4B-00C04F79EFBC}") = "Exercise7", "Exercise7\Exercise7.csproj", "{0785958E-DA0C-43CC-8338-A773C706839E}"
EndProject
Project("{FAE04EC0-301F-11D3-BF4B-00C04F79EFBC}") = "Exercise8", "Exercise8\Exercise8.csproj", "{D5DB4967-232A-400E-94D2-686A5352CE99}"
EndProject
Project("{FAE04EC0-301F-11D3-BF4B-00C04F79EFBC}") = "Exercise9", "Exercise9\Exercise9.csproj", "{A60B560D-3FB6-4D7F-B86F-B66E54BEE54A}"
EndProject
Project("{FAE04EC0-301F-11D3-BF4B-00C04F79EFBC}") = "Exercise10", "Exercise10\Exercise10.csproj", "{8D21A044-59BA-476D-8AA8-170C56E4D7B6}"
EndProject
Project("{FAE04EC0-301F-11D3-BF4B-00C04F79EFBC}") = "Exercise11", "Exercise11\Exercise11.csproj", "{68E6C360-6436-41F3-8D2C-96B0B1FE3990}"
EndProject
Global
	GlobalSection(SolutionConfigurationPlatforms) = preSolution
		Debug|Any CPU = Debug|Any CPU
		Release|Any CPU = Release|Any CPU
	EndGlobalSection
	GlobalSection(ProjectConfigurationPlatforms) = postSolution
		{09BD2D6F-C414-452F-9D39-1ED97D8854C2}.Debug|Any CPU.ActiveCfg = Debug|Any CPU
		{09BD2D6F-C414-452F-9D39-1ED97D8854C2}.Debug|Any CPU.Build.0 = Debug|Any CPU
		{09BD2D6F-C414-452F-9D39-1ED97D8854C2}.Release|Any CPU.ActiveCfg = Release|Any CPU
		{09BD2D6F-C414-452F-9D39-1ED97D8854C2}.Release|Any CPU.Build.0 = Release|Any CPU
		{7CB73B37-7DE8-416B-BE65-AAEAB1E767A9}.Debug|Any CPU.ActiveCfg = Debug|Any CPU
		{7CB73B37-7DE8-416B-BE65-AAEAB1E767A9}.Debug|Any CPU.Build.0 = Debug|Any CPU
		{7CB73B37-7DE8-416B-BE65-AAEAB1E767A9}.Release|Any CPU.ActiveCfg = Release|Any CPU
		{7CB73B37-7DE8-416B-BE65-AAEAB1E767A9}.Release|Any CPU.Build.0 = Release|Any CPU
		{48B6E7F7-CC50-4170-813B-F260E5CD953F}.Debug|Any CPU.ActiveCfg = Debug|Any CPU
		{48B6E7F7-CC50-4170-813B-F260E5CD953F}.Debug|Any CPU.Build.0 = Debug|Any CPU
		{48B6E7F7-CC50-4170-813B-F260E5CD953F}.Release|Any CPU.ActiveCfg = Release|Any CPU
		{48B6E7F7-CC50-4170-813B-F260E5CD953F}.Release|Any CPU.Build.0 = Release|Any CPU
		{C6688D45-86E9-40F1-8425-59EBA018206D}.Debug|Any CPU.ActiveCfg = Debug|Any CPU
		{C6688D45-86E9-40F1-8425-59EBA018206D}.Debug|Any CPU.Build.0 = Debug|Any CPU
		{C6688D45-86E9-40F1-8425-59EBA018206D}.Release|Any CPU.ActiveCfg = Release|Any CPU
		{C6688D45-86E9-40F1-8425-59EBA018206D}.Release|Any CPU.Build.0 = Release|Any CPU
		{9910ED82-B2D7-406A-A2A2-58661E4C5EEE}.Debug|Any CPU.ActiveCfg = Debug|Any CPU
		{9910ED82-B2D7-406A-A2A2-58661E4C5EEE}.Debug|Any CPU.Build.0 = Debug|Any CPU
		{9910ED82-B2D7-406A-A2A2-58661E4C5EEE}.Release|Any CPU.ActiveCfg = Release|Any CPU
		{9910ED82-B2D7-406A-A2A2-58661E4C5EEE}.Release|Any CPU.Build.0 = Release|Any CPU
		{A3F6E216-6EF9-4D16-8700-4126C1E2F4CF}.Debug|Any CPU.ActiveCfg = Debug|Any CPU
		{A3F6E216-6EF9-4D16-8700-4126C1E2F4CF}.Debug|Any CPU.Build.0 = Debug|Any CPU
		{A3F6E216-6EF9-4D16-8700-4126C1E2F4CF}.Release|Any CPU.ActiveCfg = Release|Any CPU
		{A3F6E216-6EF9-4D16-8700-4126C1E2F4CF}.Release|Any CPU.Build.0 = Release|Any CPU
		{0785958E-DA0C-43CC-8338-A773C706839E}.Debug|Any CPU.ActiveCfg = Debug|Any CPU
		{0785958E-DA0C-43CC-8338-A773C706839E}.Debug|Any CPU.Build.0 = Debug|Any CPU
		{0785958E-DA0C-43CC-8338-A773C706839E}.Release|Any CPU.ActiveCfg = Release|Any CPU
		{0785958E-DA0C-43CC-8338-A773C706839E}.Release|Any CPU.Build.0 = Release|Any CPU
		{D5DB4967-232A-400E-94D2-686A5352CE99}.Debug|Any CPU.ActiveCfg = Debug|Any CPU
		{D5DB4967-232A-400E-94D2-686A5352CE99}.Debug|Any CPU.Build.0 = Debug|Any CPU
		{D5DB4967-232A-400E-94D2-686A5352CE99}.Release|Any CPU.ActiveCfg = Release|Any CPU
		{D5DB4967-232A-400E-94D2-686A5352CE99}.Release|Any CPU.Build.0 = Release|Any CPU
		{A60B560D-3FB6-4D7F-B86F-B66E54BEE54A}.Debug|Any CPU.ActiveCfg = Debug|Any CPU
		{A60B560D-3FB6-4D7F-B86F-B66E54BEE54A}.Debug|Any CPU.Build.0 = Debug|Any CPU
		{A60B560D-3FB6-4D7F-B86F-B66E54BEE54A}.Release|Any CPU.ActiveCfg = Release|Any CPU
		{A60B560D-3FB6-4D7F-B86F-B66E54BEE54A}.Release|Any CPU.Build.0 = Release|Any CPU
		{8D21A044-59BA-476D-8AA8-170C56E4D7B6}.Debug|Any CPU.ActiveCfg = Debug|Any CPU
		{8D21A044-59BA-476D-8AA8-170C56E4D7B6}.Debug|Any CPU.Build.0 = Debug|Any CPU
		{8D21A044-59BA-476D-8AA8-170C56E4D7B6}.Release|Any CPU.ActiveCfg = Release|Any CPU
		{8D21A044-59BA-476D-8AA8-170C56E4D7B6}.Release|Any CPU.Build.0 = Release|Any CPU
		{68E6C360-6436-41F3-8D2C-96B0B1FE3990}.Debug|Any CPU.ActiveCfg = Debug|Any CPU
		{68E6C360-6436-41F3-8D2C-96B0B1FE3990}.Debug|Any CPU.Build.0 = Debug|Any CPU
		{68E6C360-6436-41F3-8D2C-96B0B1FE3990}.Release|Any CPU.ActiveCfg = Release|Any CPU
		{68E6C360-6436-41F3-8D2C-96B0B1FE3990}.Release|Any CPU.Build.0 = Release|Any CPU
	EndGlobalSection
	GlobalSection(SolutionProperties) = preSolution
		HideSolutionNode = FALSE
	EndGlobalSection
	GlobalSection(ExtensibilityGlobals) = postSolution
		SolutionGuid = {576C2AE6-61F7-4B29-AB9A-33CE9A18B1C0}
	EndGlobalSection
EndGlobal
